<?xml version="1.0" encoding="utf-8"?>
<Project ToolsVersion="4.0" xmlns="http://schemas.microsoft.com/developer/msbuild/2003">
  <ItemGroup>
    <Filter Include="Source Files">
      <UniqueIdentifier>{4FC737F1-C7A5-4376-A066-2A32D752A2FF}</UniqueIdentifier>
      <Extensions>cpp;c;cc;cxx;c++;cppm;ixx;def;odl;idl;hpj;bat;asm;asmx</Extensions>
    </Filter>
    <Filter Include="Header Files">
      <UniqueIdentifier>{93995380-89BD-4b04-88EB-625FBE52EBFB}</UniqueIdentifier>
      <Extensions>h;hh;hpp;hxx;h++;hm;inl;inc;ipp;xsd</Extensions>
    </Filter>
    <Filter Include="Resource Files">
      <UniqueIdentifier>{67DA6AB6-F800-4c08-8B7A-83BB121AAD01}</UniqueIdentifier>
      <Extensions>rc;ico;cur;bmp;dlg;rc2;rct;bin;rgs;gif;jpg;jpeg;jpe;resx;tiff;tif;png;wav;mfcribbon-ms</Extensions>
    </Filter>
  </ItemGroup>
  <ItemGroup>
    <ClCompile Include="src\main.cpp">
      <Filter>Source Files</Filter>
    </ClCompile>
    <ClCompile Include="framework\pch.cpp">
      <Filter>Source Files</Filter>
    </ClCompile>
    <ClCompile Include="src\sniffer\pipe\messages\PipeModifyData.cpp">
      <Filter>Source Files</Filter>
    </ClCompile>
    <ClCompile Include="src\sniffer\pipe\messages\PipePacketData.cpp">
      <Filter>Source Files</Filter>
    </ClCompile>
    <ClCompile Include="src\sniffer\pipe\PipeIO.cpp">
      <Filter>Source Files</Filter>
    </ClCompile>
    <ClCompile Include="src\sniffer\proto\PacketParser.cpp">
      <Filter>Source Files</Filter>
    </ClCompile>
    <ClCompile Include="src\sniffer\proto\ProtoParser.cpp">
      <Filter>Source Files</Filter>
    </ClCompile>
    <ClCompile Include="src\sniffer\gui\SnifferWnd.cpp">
      <Filter>Source Files</Filter>
    </ClCompile>
    <ClCompile Include="src\sniffer\gui\PacketWndBase.cpp">
      <Filter>Source Files</Filter>
    </ClCompile>
    <ClCompile Include="src\sniffer\gui\CapturePacketWnd.cpp">
      <Filter>Source Files</Filter>
    </ClCompile>
    <ClCompile Include="src\sniffer\gui\SettingsWnd.cpp">
      <Filter>Source Files</Filter>
    </ClCompile>
    <ClCompile Include="src\sniffer\gui\FavoritePacketWnd.cpp">
      <Filter>Source Files</Filter>
    </ClCompile>
    <ClCompile Include="src\sniffer\pipe\messages\PipeMessage.cpp">
      <Filter>Source Files</Filter>
    </ClCompile>
    <ClCompile Include="src\sniffer\gui\FilterWnd.cpp">
      <Filter>Source Files</Filter>
    </ClCompile>
    <ClCompile Include="vendor\ImGuiColorTextEdit\TextEditor.cpp">
      <Filter>Source Files</Filter>
    </ClCompile>
    <ClCompile Include="src\sniffer\gui\ScriptManagerWnd.cpp">
      <Filter>Source Files</Filter>
    </ClCompile>
    <ClCompile Include="src\sniffer\gui\LoggerWnd.cpp">
      <Filter>Source Files</Filter>
    </ClCompile>
    <ClCompile Include="src\sniffer\gui\PacketFlag.cpp">
      <Filter>Source Files</Filter>
    </ClCompile>
    <ClCompile Include="src\sniffer\gui\PacketView.cpp">
      <Filter>Source Files</Filter>
    </ClCompile>
    <ClCompile Include="src\sniffer\packet\PacketManager.cpp">
      <Filter>Source Files</Filter>
    </ClCompile>
    <ClCompile Include="src\sniffer\gui\PacketModifyWnd.cpp">
      <Filter>Source Files</Filter>
    </ClCompile>
    <ClCompile Include="src\sniffer\proto\ProtoMessage.cpp">
      <Filter>Source Files</Filter>
    </ClCompile>
    <ClCompile Include="src\sniffer\proto\ProtoWriter.cpp">
      <Filter>Source Files</Filter>
    </ClCompile>
    <ClCompile Include="src\sniffer\pipe\PipeClient.cpp">
      <Filter>Source Files</Filter>
    </ClCompile>
    <ClCompile Include="src\sniffer\pipe\PipeServer.cpp">
      <Filter>Source Files</Filter>
    </ClCompile>
    <ClCompile Include="src\sniffer\pipe\PipeHandler.cpp">
      <Filter>Source Files</Filter>
    </ClCompile>
    <ClCompile Include="src\sniffer\packet\Packet.cpp">
      <Filter>Source Files</Filter>
    </ClCompile>
    <ClCompile Include="src\sniffer\sniffer.cpp">
      <Filter>Source Files</Filter>
    </ClCompile>
    <ClCompile Include="src\sniffer\Config.cpp">
      <Filter>Source Files</Filter>
    </ClCompile>
    <ClCompile Include="src\sniffer\script\LuaScript.cpp">
      <Filter>Source Files</Filter>
    </ClCompile>
    <ClCompile Include="src\sniffer\script\Script.cpp">
      <Filter>Source Files</Filter>
    </ClCompile>
    <ClCompile Include="src\sniffer\script\ScriptManager.cpp">
      <Filter>Source Files</Filter>
    </ClCompile>
    <ClCompile Include="src\sniffer\script\ScriptSelector.cpp">
      <Filter>Source Files</Filter>
    </ClCompile>
    <ClCompile Include="src\sniffer\script\lua_wrappers.cpp">
      <Filter>Source Files</Filter>
    </ClCompile>
    <ClCompile Include="src\sniffer\script\FileScript.cpp">
      <Filter>Source Files</Filter>
    </ClCompile>
    <ClCompile Include="src\sniffer\script\MemoryScript.cpp">
      <Filter>Source Files</Filter>
    </ClCompile>
    <ClCompile Include="src\sniffer\filter\comparers.cpp">
      <Filter>Source Files</Filter>
    </ClCompile>
    <ClCompile Include="src\sniffer\filter\FilterManager.cpp">
      <Filter>Source Files</Filter>
    </ClCompile>
    <ClCompile Include="src\sniffer\filter\FilterLua.cpp">
      <Filter>Source Files</Filter>
    </ClCompile>
    <ClCompile Include="src\sniffer\filter\FilterGroup.cpp">
      <Filter>Source Files</Filter>
    </ClCompile>
    <ClCompile Include="src\sniffer\filter\FilterSelector.cpp">
      <Filter>Source Files</Filter>
    </ClCompile>
    <ClCompile Include="src\sniffer\gui\util.cpp">
      <Filter>Source Files</Filter>
    </ClCompile>
    <ClCompile Include="src\sniffer\gui\ScriptEditor.cpp">
      <Filter>Source Files</Filter>
    </ClCompile>
  </ItemGroup>
  <ItemGroup>
    <ClInclude Include="framework\pch.h">
      <Filter>Header Files</Filter>
    </ClInclude>
    <ClInclude Include="src\sniffer\pipe\messages\PipeModifyData.h">
      <Filter>Header Files</Filter>
    </ClInclude>
    <ClInclude Include="src\sniffer\pipe\messages\PipePacketData.h">
      <Filter>Header Files</Filter>
    </ClInclude>
    <ClInclude Include="src\sniffer\pipe\PipeIO.h">
      <Filter>Header Files</Filter>
    </ClInclude>
    <ClInclude Include="src\sniffer\proto\PacketParser.h">
      <Filter>Header Files</Filter>
    </ClInclude>
    <ClInclude Include="src\sniffer\proto\ProtoParser.h">
      <Filter>Header Files</Filter>
    </ClInclude>
    <ClInclude Include="src\sniffer\gui\SnifferWnd.h">
      <Filter>Header Files</Filter>
    </ClInclude>
    <ClInclude Include="resource.h">
      <Filter>Header Files</Filter>
    </ClInclude>
    <ClInclude Include="src\sniffer\gui\PacketWndBase.h">
      <Filter>Header Files</Filter>
    </ClInclude>
    <ClInclude Include="src\sniffer\gui\CapturePacketWnd.h">
      <Filter>Header Files</Filter>
    </ClInclude>
    <ClInclude Include="src\sniffer\gui\SettingsWnd.h">
      <Filter>Header Files</Filter>
    </ClInclude>
    <ClInclude Include="src\sniffer\gui\FavoritePacketWnd.h">
      <Filter>Header Files</Filter>
    </ClInclude>
    <ClInclude Include="src\sniffer\pipe\messages\PipeMessage.h">
      <Filter>Header Files</Filter>
    </ClInclude>
    <ClInclude Include="src\sniffer\gui\IWindow.h">
      <Filter>Header Files</Filter>
    </ClInclude>
    <ClInclude Include="src\sniffer\gui\FilterWnd.h">
      <Filter>Header Files</Filter>
    </ClInclude>
    <ClInclude Include="vendor\ImGuiColorTextEdit\TextEditor.h">
      <Filter>Header Files</Filter>
    </ClInclude>
    <ClInclude Include="src\sniffer\gui\ScriptManagerWnd.h">
      <Filter>Header Files</Filter>
    </ClInclude>
    <ClInclude Include="src\sniffer\gui\LoggerWnd.h">
      <Filter>Header Files</Filter>
    </ClInclude>
    <ClInclude Include="src\sniffer\gui\PacketFlag.h">
      <Filter>Header Files</Filter>
    </ClInclude>
    <ClInclude Include="src\sniffer\gui\PacketView.h">
      <Filter>Header Files</Filter>
    </ClInclude>
    <ClInclude Include="src\sniffer\packet\PacketManager.h">
      <Filter>Header Files</Filter>
    </ClInclude>
    <ClInclude Include="src\sniffer\gui\PacketModifyWnd.h">
      <Filter>Header Files</Filter>
    </ClInclude>
    <ClInclude Include="src\sniffer\proto\ProtoMessage.h">
      <Filter>Header Files</Filter>
    </ClInclude>
    <ClInclude Include="src\sniffer\proto\ProtoWriter.h">
      <Filter>Header Files</Filter>
    </ClInclude>
    <ClInclude Include="src\sniffer\packet\RawPacketData.h">
      <Filter>Header Files</Filter>
    </ClInclude>
    <ClInclude Include="src\sniffer\packet\IPacketHandler.h">
      <Filter>Header Files</Filter>
    </ClInclude>
    <ClInclude Include="src\sniffer\packet\Packet.h">
      <Filter>Header Files</Filter>
    </ClInclude>
    <ClInclude Include="src\sniffer\packet\ModifyType.h">
      <Filter>Header Files</Filter>
    </ClInclude>
    <ClInclude Include="src\sniffer\packet\NetIODirection.h">
      <Filter>Header Files</Filter>
    </ClInclude>
    <ClInclude Include="src\sniffer\pipe\PipeClient.h">
      <Filter>Header Files</Filter>
    </ClInclude>
    <ClInclude Include="src\sniffer\pipe\PipeServer.h">
      <Filter>Header Files</Filter>
    </ClInclude>
    <ClInclude Include="src\sniffer\pipe\PipeHandler.h">
      <Filter>Header Files</Filter>
    </ClInclude>
    <ClInclude Include="src\sniffer\sniffer.h">
      <Filter>Header Files</Filter>
    </ClInclude>
    <ClInclude Include="src\sniffer\Config.h">
      <Filter>Header Files</Filter>
    </ClInclude>
    <ClInclude Include="src\sniffer\script\LuaScript.h">
      <Filter>Header Files</Filter>
    </ClInclude>
    <ClInclude Include="src\sniffer\script\Script.h">
      <Filter>Header Files</Filter>
    </ClInclude>
    <ClInclude Include="src\sniffer\script\ScriptManager.h">
      <Filter>Header Files</Filter>
    </ClInclude>
    <ClInclude Include="src\sniffer\script\ScriptSelector.h">
      <Filter>Header Files</Filter>
    </ClInclude>
    <ClInclude Include="src\sniffer\script\LuaScript_tplt.hpp">
      <Filter>Header Files</Filter>
    </ClInclude>
    <ClInclude Include="src\sniffer\script\lua_wrappers.h">
      <Filter>Header Files</Filter>
    </ClInclude>
    <ClInclude Include="src\sniffer\script\FileScript.h">
      <Filter>Header Files</Filter>
    </ClInclude>
    <ClInclude Include="src\sniffer\script\MemoryScript.h">
      <Filter>Header Files</Filter>
    </ClInclude>
    <ClInclude Include="src\sniffer\Profiler.h">
      <Filter>Header Files</Filter>
    </ClInclude>
    <ClInclude Include="src\sniffer\filter\comparers.h">
      <Filter>Header Files</Filter>
    </ClInclude>
    <ClInclude Include="src\sniffer\filter\FilterManager.h">
      <Filter>Header Files</Filter>
    </ClInclude>
    <ClInclude Include="src\sniffer\filter\IFilterContainer.h">
      <Filter>Header Files</Filter>
    </ClInclude>
    <ClInclude Include="src\sniffer\filter\FilterLua.h">
      <Filter>Header Files</Filter>
    </ClInclude>
    <ClInclude Include="src\sniffer\filter\IFilterComparer.h">
      <Filter>Header Files</Filter>
    </ClInclude>
    <ClInclude Include="src\sniffer\filter\FilterGroup.h">
      <Filter>Header Files</Filter>
    </ClInclude>
    <ClInclude Include="src\sniffer\filter\FilterSelector.h">
      <Filter>Header Files</Filter>
    </ClInclude>
    <ClInclude Include="src\sniffer\filter\IFilter.h">
      <Filter>Header Files</Filter>
    </ClInclude>
    <ClInclude Include="src\sniffer\gui\util.h">
      <Filter>Header Files</Filter>
    </ClInclude>
    <ClInclude Include="src\sniffer\gui\ScriptEditor.h">
      <Filter>Header Files</Filter>
    </ClInclude>
  </ItemGroup>
  <ItemGroup>
    <ResourceCompile Include="PacketSniffer.rc">
      <Filter>Resource Files</Filter>
    </ResourceCompile>
  </ItemGroup>
  <ItemGroup>
    <Font Include="C:\Users\strog\Desktop\Git repositories\genshin-cheat\cheat-library\res\Ruda-Bold.ttf" />
  </ItemGroup>
</Project>