
Microsoft Visual Studio Solution File, Format Version 12.00
# Visual Studio Version 17
VisualStudioVersion = 17.1.32319.34
MinimumVisualStudioVersion = 10.0.40219.1
Project("{8BC9CEB8-8B4A-11D0-8D11-00A0C91BC942}") = "cheat-base", "cheat-base\cheat-base.vcxproj", "{ADB35022-823B-4DC0-B495-3EFEFBD3A82F}"
EndProject
Project("{8BC9CEB8-8B4A-11D0-8D11-00A0C91BC942}") = "PacketSniffer", "PacketSniffer\PacketSniffer.vcxproj", "{D92A737D-BC48-469C-B4E2-BC64F4418A93}"
EndProject
Global
	GlobalSection(SolutionConfigurationPlatforms) = preSolution
		Debug|x64 = Debug|x64
		Debug|x86 = Debug|x86
		Release_WS|x64 = Release_WS|x64
		Release_WS|x86 = Release_WS|x86
		Release|x64 = Release|x64
		Release|x86 = Release|x86
	EndGlobalSection
	GlobalSection(ProjectConfigurationPlatforms) = postSolution
		{D92A737D-BC48-469C-B4E2-BC64F4418A93}.Debug|x64.ActiveCfg = Debug|x64
		{D92A737D-BC48-469C-B4E2-BC64F4418A93}.Debug|x64.Build.0 = Debug|x64
		{D92A737D-BC48-469C-B4E2-BC64F4418A93}.Debug|x86.ActiveCfg = Debug|Win32
		{D92A737D-BC48-469C-B4E2-BC64F4418A93}.Debug|x86.Build.0 = Debug|Win32
		{D92A737D-BC48-469C-B4E2-BC64F4418A93}.Release_WS|x64.ActiveCfg = Release|x64
		{D92A737D-BC48-469C-B4E2-BC64F4418A93}.Release_WS|x64.Build.0 = Release|x64
		{D92A737D-BC48-469C-B4E2-BC64F4418A93}.Release_WS|x86.ActiveCfg = Release|Win32
		{D92A737D-BC48-469C-B4E2-BC64F4418A93}.Release_WS|x86.Build.0 = Release|Win32
		{D92A737D-BC48-469C-B4E2-BC64F4418A93}.Release|x64.ActiveCfg = Release|x64
		{D92A737D-BC48-469C-B4E2-BC64F4418A93}.Release|x64.Build.0 = Release|x64
		{D92A737D-BC48-469C-B4E2-BC64F4418A93}.Release|x86.ActiveCfg = Release|Win32
		{D92A737D-BC48-469C-B4E2-BC64F4418A93}.Release|x86.Build.0 = Release|Win32
		{ADB35022-823B-4DC0-B495-3EFEFBD3A82F}.Debug|x64.ActiveCfg = Debug|x64
		{ADB35022-823B-4DC0-B495-3EFEFBD3A82F}.Debug|x64.Build.0 = Debug|x64
		{ADB35022-823B-4DC0-B495-3EFEFBD3A82F}.Debug|x86.ActiveCfg = Debug|Win32
		{ADB35022-823B-4DC0-B495-3EFEFBD3A82F}.Debug|x86.Build.0 = Debug|Win32
		{ADB35022-823B-4DC0-B495-3EFEFBD3A82F}.Release_WS|x64.ActiveCfg = Release_WS|x64
		{ADB35022-823B-4DC0-B495-3EFEFBD3A82F}.Release_WS|x64.Build.0 = Release_WS|x64
		{ADB35022-823B-4DC0-B495-3EFEFBD3A82F}.Release_WS|x86.ActiveCfg = Release_WS|Win32
		{ADB35022-823B-4DC0-B495-3EFEFBD3A82F}.Release_WS|x86.Build.0 = Release_WS|Win32
		{ADB35022-823B-4DC0-B495-3EFEFBD3A82F}.Release|x64.ActiveCfg = Release|x64
		{ADB35022-823B-4DC0-B495-3EFEFBD3A82F}.Release|x64.Build.0 = Release|x64
		{ADB35022-823B-4DC0-B495-3EFEFBD3A82F}.Release|x86.ActiveCfg = Release|Win32
		{ADB35022-823B-4DC0-B495-3EFEFBD3A82F}.Release|x86.Build.0 = Release|Win32
	EndGlobalSection
	GlobalSection(SolutionProperties) = preSolution
		HideSolutionNode = FALSE
	EndGlobalSection
	GlobalSection(ExtensibilityGlobals) = postSolution
		SolutionGuid = {BB11E4EE-9585-4499-86DC-8C8BB5AD964A}
	EndGlobalSection
EndGlobal
